
Microsoft Visual Studio Solution File, Format Version 12.00
# Visual Studio Version 16
VisualStudioVersion = 16.0.35731.53
MinimumVisualStudioVersion = 10.0.40219.1
Project("{8BC9CEB8-8B4A-11D0-8D11-00A0C91BC942}") = "testlibcunilog", "testlibcunilog\testlibcunilog.vcxproj", "{B4C2B0DF-4B87-4F88-A57F-556007C375EF}"
EndProject
Global
	GlobalSection(SolutionConfigurationPlatforms) = preSolution
		Debug|x64 = Debug|x64
		Debug|x86 = Debug|x86
		Release|x64 = Release|x64
		Release|x86 = Release|x86
	EndGlobalSection
	GlobalSection(ProjectConfigurationPlatforms) = postSolution
		{B4C2B0DF-4B87-4F88-A57F-556007C375EF}.Debug|x64.ActiveCfg = Debug|x64
		{B4C2B0DF-4B87-4F88-A57F-556007C375EF}.Debug|x64.Build.0 = Debug|x64
		{B4C2B0DF-4B87-4F88-A57F-556007C375EF}.Debug|x86.ActiveCfg = Debug|Win32
		{B4C2B0DF-4B87-4F88-A57F-556007C375EF}.Debug|x86.Build.0 = Debug|Win32
		{B4C2B0DF-4B87-4F88-A57F-556007C375EF}.Release|x64.ActiveCfg = Release|x64
		{B4C2B0DF-4B87-4F88-A57F-556007C375EF}.Release|x64.Build.0 = Release|x64
		{B4C2B0DF-4B87-4F88-A57F-556007C375EF}.Release|x86.ActiveCfg = Release|Win32
		{B4C2B0DF-4B87-4F88-A57F-556007C375EF}.Release|x86.Build.0 = Release|Win32
	EndGlobalSection
	GlobalSection(SolutionProperties) = preSolution
		HideSolutionNode = FALSE
	EndGlobalSection
	GlobalSection(ExtensibilityGlobals) = postSolution
		SolutionGuid = {D23FCA19-D933-4247-869D-FE1A9862E2EE}
	EndGlobalSection
EndGlobal
