
Microsoft Visual Studio Solution File, Format Version 12.00
# Visual Studio Version 16
VisualStudioVersion = 16.0.35026.282
MinimumVisualStudioVersion = 10.0.40219.1
Project("{8BC9CEB8-8B4A-11D0-8D11-00A0C91BC942}") = "TestCombinedSource", "TestCombinedSource\TestCombinedSource.vcxproj", "{6FBF05F8-5EFD-4E45-B3E3-3A2383D630B2}"
EndProject
Global
	GlobalSection(SolutionConfigurationPlatforms) = preSolution
		Debug|x64 = Debug|x64
		Debug|x86 = Debug|x86
		Release|x64 = Release|x64
		Release|x86 = Release|x86
	EndGlobalSection
	GlobalSection(ProjectConfigurationPlatforms) = postSolution
		{6FBF05F8-5EFD-4E45-B3E3-3A2383D630B2}.Debug|x64.ActiveCfg = Debug|x64
		{6FBF05F8-5EFD-4E45-B3E3-3A2383D630B2}.Debug|x64.Build.0 = Debug|x64
		{6FBF05F8-5EFD-4E45-B3E3-3A2383D630B2}.Debug|x86.ActiveCfg = Debug|Win32
		{6FBF05F8-5EFD-4E45-B3E3-3A2383D630B2}.Debug|x86.Build.0 = Debug|Win32
		{6FBF05F8-5EFD-4E45-B3E3-3A2383D630B2}.Release|x64.ActiveCfg = Release|x64
		{6FBF05F8-5EFD-4E45-B3E3-3A2383D630B2}.Release|x64.Build.0 = Release|x64
		{6FBF05F8-5EFD-4E45-B3E3-3A2383D630B2}.Release|x86.ActiveCfg = Release|Win32
		{6FBF05F8-5EFD-4E45-B3E3-3A2383D630B2}.Release|x86.Build.0 = Release|Win32
	EndGlobalSection
	GlobalSection(SolutionProperties) = preSolution
		HideSolutionNode = FALSE
	EndGlobalSection
	GlobalSection(ExtensibilityGlobals) = postSolution
		SolutionGuid = {6CACE505-2E4F-4E4A-96B8-47DB4CAF4E75}
	EndGlobalSection
EndGlobal
