
Microsoft Visual Studio Solution File, Format Version 12.00
# Visual Studio Version 16
VisualStudioVersion = 16.0.35425.106
MinimumVisualStudioVersion = 10.0.40219.1
Project("{8BC9CEB8-8B4A-11D0-8D11-00A0C91BC942}") = "libcunilog", "libcunilog\libcunilog.vcxproj", "{142B4045-4689-44D2-ACDD-DF394C164A11}"
EndProject
Global
	GlobalSection(SolutionConfigurationPlatforms) = preSolution
		Debug|x64 = Debug|x64
		Debug|x86 = Debug|x86
		DebugMT|x64 = DebugMT|x64
		DebugMT|x86 = DebugMT|x86
		Release|x64 = Release|x64
		Release|x86 = Release|x86
		ReleaseMT|x64 = ReleaseMT|x64
		ReleaseMT|x86 = ReleaseMT|x86
	EndGlobalSection
	GlobalSection(ProjectConfigurationPlatforms) = postSolution
		{142B4045-4689-44D2-ACDD-DF394C164A11}.Debug|x64.ActiveCfg = Debug|x64
		{142B4045-4689-44D2-ACDD-DF394C164A11}.Debug|x64.Build.0 = Debug|x64
		{142B4045-4689-44D2-ACDD-DF394C164A11}.Debug|x86.ActiveCfg = Debug|Win32
		{142B4045-4689-44D2-ACDD-DF394C164A11}.Debug|x86.Build.0 = Debug|Win32
		{142B4045-4689-44D2-ACDD-DF394C164A11}.DebugMT|x64.ActiveCfg = DebugMT|x64
		{142B4045-4689-44D2-ACDD-DF394C164A11}.DebugMT|x64.Build.0 = DebugMT|x64
		{142B4045-4689-44D2-ACDD-DF394C164A11}.DebugMT|x86.ActiveCfg = DebugMT|Win32
		{142B4045-4689-44D2-ACDD-DF394C164A11}.DebugMT|x86.Build.0 = DebugMT|Win32
		{142B4045-4689-44D2-ACDD-DF394C164A11}.Release|x64.ActiveCfg = Release|x64
		{142B4045-4689-44D2-ACDD-DF394C164A11}.Release|x64.Build.0 = Release|x64
		{142B4045-4689-44D2-ACDD-DF394C164A11}.Release|x86.ActiveCfg = Release|Win32
		{142B4045-4689-44D2-ACDD-DF394C164A11}.Release|x86.Build.0 = Release|Win32
		{142B4045-4689-44D2-ACDD-DF394C164A11}.ReleaseMT|x64.ActiveCfg = ReleaseMT|x64
		{142B4045-4689-44D2-ACDD-DF394C164A11}.ReleaseMT|x64.Build.0 = ReleaseMT|x64
		{142B4045-4689-44D2-ACDD-DF394C164A11}.ReleaseMT|x86.ActiveCfg = ReleaseMT|Win32
		{142B4045-4689-44D2-ACDD-DF394C164A11}.ReleaseMT|x86.Build.0 = ReleaseMT|Win32
	EndGlobalSection
	GlobalSection(SolutionProperties) = preSolution
		HideSolutionNode = FALSE
	EndGlobalSection
	GlobalSection(ExtensibilityGlobals) = postSolution
		SolutionGuid = {757123AD-5A44-49F9-B81A-CDB70DD4E186}
	EndGlobalSection
EndGlobal
